<?xml version="1.0" encoding="utf-8"?>
<Project ToolsVersion="4.0" xmlns="http://schemas.microsoft.com/developer/msbuild/2003">
  <ItemGroup>
    <Filter Include="Source Files">
      <UniqueIdentifier>{4FC737F1-C7A5-4376-A066-2A32D752A2FF}</UniqueIdentifier>
      <Extensions>cpp;c;cc;cxx;def;odl;idl;hpj;bat;asm;asmx</Extensions>
    </Filter>
    <Filter Include="Header Files">
      <UniqueIdentifier>{93995380-89BD-4b04-88EB-625FBE52EBFB}</UniqueIdentifier>
      <Extensions>h;hh;hpp;hxx;hm;inl;inc;ipp;xsd</Extensions>
    </Filter>
    <Filter Include="Resource Files">
      <UniqueIdentifier>{67DA6AB6-F800-4c08-8B7A-83BB121AAD01}</UniqueIdentifier>
      <Extensions>rc;ico;cur;bmp;dlg;rc2;rct;bin;rgs;gif;jpg;jpeg;jpe;resx;tiff;tif;png;wav;mfcribbon-ms</Extensions>
    </Filter>
  </ItemGroup>
  <ItemGroup>
    <ClInclude Include="CodeGenII.h">
      <Filter>Header Files</Filter>
    </ClInclude>
    <ClInclude Include="targetver.h">
      <Filter>Header Files</Filter>
    </ClInclude>
    <ClInclude Include="CodeGenIIDoc.h">
      <Filter>Header Files</Filter>
    </ClInclude>
    <ClInclude Include="CodeGenIIView.h">
      <Filter>Header Files</Filter>
    </ClInclude>
    <ClInclude Include="Resource.h">
      <Filter>Header Files</Filter>
    </ClInclude>
    <ClInclude Include="stdafx.h">
      <Filter>Header Files</Filter>
    </ClInclude>
    <ClInclude Include="MainFrame.h">
      <Filter>Header Files</Filter>
    </ClInclude>
    <ClInclude Include="DataStore.h">
      <Filter>Header Files</Filter>
    </ClInclude>
    <ClInclude Include="Utilities.h">
      <Filter>Header Files</Filter>
    </ClInclude>
    <ClInclude Include="DescTable.h">
      <Filter>Header Files</Filter>
    </ClInclude>
    <ClInclude Include="MapBody.h">
      <Filter>Header Files</Filter>
    </ClInclude>
    <ClInclude Include="MapCode.h">
      <Filter>Header Files</Filter>
    </ClInclude>
    <ClInclude Include="MapData.h">
      <Filter>Header Files</Filter>
    </ClInclude>
    <ClInclude Include="MapDataDlg.h">
      <Filter>Header Files</Filter>
    </ClInclude>
    <ClInclude Include="MapHeader.h">
      <Filter>Header Files</Filter>
    </ClInclude>
    <ClInclude Include="SelectFldDlg.h">
      <Filter>Header Files</Filter>
    </ClInclude>
    <ClInclude Include="TableExtension.h">
      <Filter>Header Files</Filter>
    </ClInclude>
    <ClInclude Include="TableOpDlg.h">
      <Filter>Header Files</Filter>
    </ClInclude>
    <ClInclude Include="TableNames.h">
      <Filter>Header Files</Filter>
    </ClInclude>
    <ClInclude Include="VarDecl.h">
      <Filter>Header Files</Filter>
    </ClInclude>
    <ClInclude Include="MapsCode.h">
      <Filter>Header Files</Filter>
    </ClInclude>
    <ClInclude Include="TableDscRpt.h">
      <Filter>Header Files</Filter>
    </ClInclude>
    <ClInclude Include="..\..\Library\Extras\About.h">
      <Filter>Header Files</Filter>
    </ClInclude>
    <ClInclude Include="..\..\Library\Extras\TableDscrs.h">
      <Filter>Header Files</Filter>
    </ClInclude>
    <ClInclude Include="..\..\Library\Extras\ExtraResource.h">
      <Filter>Header Files</Filter>
    </ClInclude>
    <ClInclude Include="..\..\Library\Extras\OptionsDlg.h">
      <Filter>Header Files</Filter>
    </ClInclude>
  </ItemGroup>
  <ItemGroup>
    <ClCompile Include="CodeGenII.cpp">
      <Filter>Source Files</Filter>
    </ClCompile>
    <ClCompile Include="CodeGenIIDoc.cpp">
      <Filter>Source Files</Filter>
    </ClCompile>
    <ClCompile Include="CodeGenIIView.cpp">
      <Filter>Source Files</Filter>
    </ClCompile>
    <ClCompile Include="stdafx.cpp">
      <Filter>Source Files</Filter>
    </ClCompile>
    <ClCompile Include="MainFrame.cpp">
      <Filter>Source Files</Filter>
    </ClCompile>
    <ClCompile Include="DataStore.cpp">
      <Filter>Source Files</Filter>
    </ClCompile>
    <ClCompile Include="Utilities.cpp">
      <Filter>Source Files</Filter>
    </ClCompile>
    <ClCompile Include="DescTable.cpp">
      <Filter>Source Files</Filter>
    </ClCompile>
    <ClCompile Include="MapBody.cpp">
      <Filter>Source Files</Filter>
    </ClCompile>
    <ClCompile Include="MapCode.cpp">
      <Filter>Source Files</Filter>
    </ClCompile>
    <ClCompile Include="MapData.cpp">
      <Filter>Source Files</Filter>
    </ClCompile>
    <ClCompile Include="MapDataDlg.cpp">
      <Filter>Source Files</Filter>
    </ClCompile>
    <ClCompile Include="MapHeader.cpp">
      <Filter>Source Files</Filter>
    </ClCompile>
    <ClCompile Include="SelectFldDlg.cpp">
      <Filter>Source Files</Filter>
    </ClCompile>
    <ClCompile Include="TableExtension.cpp">
      <Filter>Source Files</Filter>
    </ClCompile>
    <ClCompile Include="TableOpDlg.cpp">
      <Filter>Source Files</Filter>
    </ClCompile>
    <ClCompile Include="TableNames.cpp">
      <Filter>Source Files</Filter>
    </ClCompile>
    <ClCompile Include="VarDecl.cpp">
      <Filter>Source Files</Filter>
    </ClCompile>
    <ClCompile Include="MapsCode.cpp">
      <Filter>Source Files</Filter>
    </ClCompile>
    <ClCompile Include="TableDscRpt.cpp">
      <Filter>Source Files</Filter>
    </ClCompile>
    <ClCompile Include="..\..\Library\Extras\About.cpp">
      <Filter>Source Files</Filter>
    </ClCompile>
    <ClCompile Include="..\..\Library\Extras\TableDscrs.cpp">
      <Filter>Source Files</Filter>
    </ClCompile>
    <ClCompile Include="..\..\Library\Extras\OptionsDlg.cpp">
      <Filter>Source Files</Filter>
    </ClCompile>
  </ItemGroup>
  <ItemGroup>
    <ResourceCompile Include="CodeGenII.rc">
      <Filter>Resource Files</Filter>
    </ResourceCompile>
  </ItemGroup>
  <ItemGroup>
    <None Include="res\CodeGenII.rc2">
      <Filter>Resource Files</Filter>
    </None>
    <None Include="..\README.md" />
    <None Include="..\..\Library\Extras\About.rc2">
      <Filter>Resource Files</Filter>
    </None>
    <None Include="..\..\Library\Extras\Options.rc2">
      <Filter>Resource Files</Filter>
    </None>
  </ItemGroup>
  <ItemGroup>
    <Image Include="res\CodeGenII.ico">
      <Filter>Resource Files</Filter>
    </Image>
    <Image Include="res\Toolbar07.bmp">
      <Filter>Resource Files</Filter>
    </Image>
  </ItemGroup>
</Project>