<?xml version="1.0" encoding="utf-8"?>
<Project ToolsVersion="4.0" xmlns="http://schemas.microsoft.com/developer/msbuild/2003">
  <ItemGroup>
    <Filter Include="Source Files">
      <UniqueIdentifier>{4FC737F1-C7A5-4376-A066-2A32D752A2FF}</UniqueIdentifier>
      <Extensions>cpp;c;cc;cxx;c++;cppm;ixx;def;odl;idl;hpj;bat;asm;asmx</Extensions>
    </Filter>
    <Filter Include="Header Files">
      <UniqueIdentifier>{93995380-89BD-4b04-88EB-625FBE52EBFB}</UniqueIdentifier>
      <Extensions>h;hh;hpp;hxx;h++;hm;inl;inc;ipp;xsd</Extensions>
    </Filter>
    <Filter Include="Resource Files">
      <UniqueIdentifier>{67DA6AB6-F800-4c08-8B7A-83BB121AAD01}</UniqueIdentifier>
      <Extensions>rc;ico;cur;bmp;dlg;rc2;rct;bin;rgs;gif;jpg;jpeg;jpe;resx;tiff;tif;png;wav;mfcribbon-ms</Extensions>
    </Filter>
  </ItemGroup>
  <ItemGroup>
    <ClInclude Include="CodeGen.h">
      <Filter>Header Files</Filter>
    </ClInclude>
    <ClInclude Include="CodeGenDoc.h">
      <Filter>Header Files</Filter>
    </ClInclude>
    <ClInclude Include="CodeGenView.h">
      <Filter>Header Files</Filter>
    </ClInclude>
    <ClInclude Include="MainFrame.h">
      <Filter>Header Files</Filter>
    </ClInclude>
    <ClInclude Include="targetver.h">
      <Filter>Header Files</Filter>
    </ClInclude>
    <ClInclude Include="Resource.h">
      <Filter>Header Files</Filter>
    </ClInclude>
    <ClInclude Include="..\..\Library\Extras\AboutDlg.h">
      <Filter>Header Files</Filter>
    </ClInclude>
    <ClInclude Include="..\..\Library\Extras\OptionsDlg.h">
      <Filter>Header Files</Filter>
    </ClInclude>
    <ClInclude Include="Fields.h">
      <Filter>Header Files</Filter>
    </ClInclude>
    <ClInclude Include="SrchCmpntDlg.h">
      <Filter>Header Files</Filter>
    </ClInclude>
    <ClInclude Include="RcdSetHdr.h">
      <Filter>Header Files</Filter>
    </ClInclude>
    <ClInclude Include="Declarations.h">
      <Filter>Header Files</Filter>
    </ClInclude>
    <ClInclude Include="ModNames.h">
      <Filter>Header Files</Filter>
    </ClInclude>
    <ClInclude Include="RcdSetBdy.h">
      <Filter>Header Files</Filter>
    </ClInclude>
    <ClInclude Include="TableHdr.h">
      <Filter>Header Files</Filter>
    </ClInclude>
    <ClInclude Include="TableBdy.h">
      <Filter>Header Files</Filter>
    </ClInclude>
    <ClInclude Include="Capitalize.h">
      <Filter>Header Files</Filter>
    </ClInclude>
    <ClInclude Include="AbbrDlg.h">
      <Filter>Header Files</Filter>
    </ClInclude>
    <ClInclude Include="Database.h">
      <Filter>Header Files</Filter>
    </ClInclude>
    <ClInclude Include="DatabaseHdr.h">
      <Filter>Header Files</Filter>
    </ClInclude>
    <ClInclude Include="DatabaseBdy.h">
      <Filter>Header Files</Filter>
    </ClInclude>
    <ClInclude Include="DbTblSelDlg.h">
      <Filter>Header Files</Filter>
    </ClInclude>
    <ClInclude Include="DbTblList.h">
      <Filter>Header Files</Filter>
    </ClInclude>
    <ClInclude Include="LinSrch.h">
      <Filter>Header Files</Filter>
    </ClInclude>
    <ClInclude Include="..\..\Library\Extras\ResourceExtra.h">
      <Filter>Header Files</Filter>
    </ClInclude>
    <ClInclude Include="..\..\Library\Extras\RptOrientDlgOne.h">
      <Filter>Header Files</Filter>
    </ClInclude>
    <ClInclude Include="framework.h">
      <Filter>Header Files</Filter>
    </ClInclude>
    <ClInclude Include="pch.h">
      <Filter>Header Files</Filter>
    </ClInclude>
    <ClInclude Include="MyToolBar.h">
      <Filter>Header Files</Filter>
    </ClInclude>
  </ItemGroup>
  <ItemGroup>
    <ClCompile Include="CodeGen.cpp">
      <Filter>Source Files</Filter>
    </ClCompile>
    <ClCompile Include="CodeGenDoc.cpp">
      <Filter>Source Files</Filter>
    </ClCompile>
    <ClCompile Include="CodeGenView.cpp">
      <Filter>Source Files</Filter>
    </ClCompile>
    <ClCompile Include="MainFrame.cpp">
      <Filter>Source Files</Filter>
    </ClCompile>
    <ClCompile Include="..\..\Library\Extras\AboutDlg.cpp">
      <Filter>Source Files</Filter>
    </ClCompile>
    <ClCompile Include="..\..\Library\Extras\OptionsDlg.cpp">
      <Filter>Source Files</Filter>
    </ClCompile>
    <ClCompile Include="Fields.cpp">
      <Filter>Source Files</Filter>
    </ClCompile>
    <ClCompile Include="SrchCmpntDlg.cpp">
      <Filter>Source Files</Filter>
    </ClCompile>
    <ClCompile Include="RcdSetHdr.cpp">
      <Filter>Source Files</Filter>
    </ClCompile>
    <ClCompile Include="Declarations.cpp">
      <Filter>Source Files</Filter>
    </ClCompile>
    <ClCompile Include="ModNames.cpp">
      <Filter>Source Files</Filter>
    </ClCompile>
    <ClCompile Include="RcdSetBdy.cpp">
      <Filter>Source Files</Filter>
    </ClCompile>
    <ClCompile Include="TableHdr.cpp">
      <Filter>Source Files</Filter>
    </ClCompile>
    <ClCompile Include="TableBdy.cpp">
      <Filter>Source Files</Filter>
    </ClCompile>
    <ClCompile Include="Capitalize.cpp">
      <Filter>Source Files</Filter>
    </ClCompile>
    <ClCompile Include="AbbrDlg.cpp">
      <Filter>Source Files</Filter>
    </ClCompile>
    <ClCompile Include="Database.cpp">
      <Filter>Source Files</Filter>
    </ClCompile>
    <ClCompile Include="DatabaseHdr.cpp">
      <Filter>Source Files</Filter>
    </ClCompile>
    <ClCompile Include="DatabaseBdy.cpp">
      <Filter>Source Files</Filter>
    </ClCompile>
    <ClCompile Include="DbTblSelDlg.cpp">
      <Filter>Source Files</Filter>
    </ClCompile>
    <ClCompile Include="DbTblList.cpp">
      <Filter>Source Files</Filter>
    </ClCompile>
    <ClCompile Include="LinSrch.cpp">
      <Filter>Source Files</Filter>
    </ClCompile>
    <ClCompile Include="..\..\Library\Extras\RptOrientDlgOne.cpp">
      <Filter>Source Files</Filter>
    </ClCompile>
    <ClCompile Include="pch.cpp">
      <Filter>Source Files</Filter>
    </ClCompile>
    <ClCompile Include="MyToolBar.cpp">
      <Filter>Source Files</Filter>
    </ClCompile>
  </ItemGroup>
  <ItemGroup>
    <Image Include="res\CodeGen.ico">
      <Filter>Resource Files</Filter>
    </Image>
    <Image Include="res\Toolbar05.bmp">
      <Filter>Resource Files</Filter>
    </Image>
    <Image Include="res\UICodeGen.ico">
      <Filter>Resource Files</Filter>
    </Image>
    <Image Include="res\Toolbar.bmp">
      <Filter>Resource Files</Filter>
    </Image>
  </ItemGroup>
  <ItemGroup>
    <None Include="res\CodeGen.rc2">
      <Filter>Resource Files</Filter>
    </None>
    <None Include="..\..\Library\Extras\AboutDlg.rc2">
      <Filter>Resource Files</Filter>
    </None>
    <None Include="..\..\Library\Extras\Options.rc2">
      <Filter>Resource Files</Filter>
    </None>
    <None Include="C:\Users\rrvt\AppData\Roaming\CodeGen\CodeGen.ini" />
    <None Include="..\README.md" />
    <None Include="..\..\Library\Extras\RptOrientOne.rc2">
      <Filter>Resource Files</Filter>
    </None>
  </ItemGroup>
  <ItemGroup>
    <ResourceCompile Include="CodeGen.rc">
      <Filter>Resource Files</Filter>
    </ResourceCompile>
  </ItemGroup>
</Project>