<?xml version="1.0" encoding="utf-8"?>
<Project ToolsVersion="4.0" xmlns="http://schemas.microsoft.com/developer/msbuild/2003">
  <ItemGroup>
    <Filter Include="Source Files">
      <UniqueIdentifier>{4FC737F1-C7A5-4376-A066-2A32D752A2FF}</UniqueIdentifier>
      <Extensions>cpp;c;cc;cxx;def;odl;idl;hpj;bat;asm;asmx</Extensions>
    </Filter>
    <Filter Include="Header Files">
      <UniqueIdentifier>{93995380-89BD-4b04-88EB-625FBE52EBFB}</UniqueIdentifier>
      <Extensions>h;hh;hpp;hxx;hm;inl;inc;xsd</Extensions>
    </Filter>
    <Filter Include="Resource Files">
      <UniqueIdentifier>{67DA6AB6-F800-4c08-8B7A-83BB121AAD01}</UniqueIdentifier>
      <Extensions>rc;ico;cur;bmp;dlg;rc2;rct;bin;rgs;gif;jpg;jpeg;jpe;resx;tiff;tif;png;wav;mfcribbon-ms</Extensions>
    </Filter>
  </ItemGroup>
  <ItemGroup>
    <ClCompile Include="..\SrcFiles\LicenseDlg.cpp">
      <Filter>Source Files</Filter>
    </ClCompile>
    <ClCompile Include="..\SrcFiles\MainFrm.cpp">
      <Filter>Source Files</Filter>
    </ClCompile>
    <ClCompile Include="..\SrcFiles\stdafx.cpp">
      <Filter>Source Files</Filter>
    </ClCompile>
    <ClCompile Include="..\SrcFiles\TableOp.cpp">
      <Filter>Source Files</Filter>
    </ClCompile>
    <ClCompile Include="..\SrcFiles\TabStops.cpp">
      <Filter>Source Files</Filter>
    </ClCompile>
    <ClCompile Include="..\SrcFiles\MapCode.cpp">
      <Filter>Source Files</Filter>
    </ClCompile>
    <ClCompile Include="..\SrcFiles\CodeGen.cpp">
      <Filter>Source Files</Filter>
    </ClCompile>
    <ClCompile Include="..\SrcFiles\CodeGenDoc.cpp">
      <Filter>Source Files</Filter>
    </ClCompile>
    <ClCompile Include="..\SrcFiles\CodeGenView.cpp">
      <Filter>Source Files</Filter>
    </ClCompile>
    <ClCompile Include="..\SrcFiles\MapHeader.cpp">
      <Filter>Source Files</Filter>
    </ClCompile>
    <ClCompile Include="..\SrcFiles\Utilities.cpp">
      <Filter>Source Files</Filter>
    </ClCompile>
    <ClCompile Include="..\SrcFiles\MapData.cpp">
      <Filter>Source Files</Filter>
    </ClCompile>
    <ClCompile Include="..\SrcFiles\MapDataHdr.cpp">
      <Filter>Source Files</Filter>
    </ClCompile>
    <ClCompile Include="..\SrcFiles\MapDataCpp.cpp">
      <Filter>Source Files</Filter>
    </ClCompile>
    <ClCompile Include="..\SrcFiles\MapDataDlg.cpp">
      <Filter>Source Files</Filter>
    </ClCompile>
    <ClCompile Include="..\SrcFiles\DescTable.cpp">
      <Filter>Source Files</Filter>
    </ClCompile>
    <ClCompile Include="..\SrcFiles\MapBody.cpp">
      <Filter>Source Files</Filter>
    </ClCompile>
    <ClCompile Include="..\SrcFiles\TestMap.cpp">
      <Filter>Source Files</Filter>
    </ClCompile>
    <ClCompile Include="..\SrcFiles\Maps.cpp">
      <Filter>Source Files</Filter>
    </ClCompile>
    <ClCompile Include="..\SrcFiles\Schedule.cpp">
      <Filter>Source Files</Filter>
    </ClCompile>
    <ClCompile Include="..\..\Library\AboutFiles\About.cpp">
      <Filter>Source Files</Filter>
    </ClCompile>
    <ClCompile Include="..\..\Library\TableDescriptors\TableDscrs.cpp">
      <Filter>Source Files</Filter>
    </ClCompile>
    <ClCompile Include="..\SrcFiles\TableExtension.cpp">
      <Filter>Source Files</Filter>
    </ClCompile>
  </ItemGroup>
  <ItemGroup>
    <ClInclude Include="..\SrcFiles\LicenseDlg.h">
      <Filter>Header Files</Filter>
    </ClInclude>
    <ClInclude Include="..\SrcFiles\MainFrm.h">
      <Filter>Header Files</Filter>
    </ClInclude>
    <ClInclude Include="..\SrcFiles\resource.h">
      <Filter>Header Files</Filter>
    </ClInclude>
    <ClInclude Include="..\SrcFiles\stdafx.h">
      <Filter>Header Files</Filter>
    </ClInclude>
    <ClInclude Include="..\SrcFiles\TableOp.h">
      <Filter>Header Files</Filter>
    </ClInclude>
    <ClInclude Include="..\SrcFiles\TabStops.h">
      <Filter>Header Files</Filter>
    </ClInclude>
    <ClInclude Include="..\SrcFiles\targetver.h">
      <Filter>Header Files</Filter>
    </ClInclude>
    <ClInclude Include="..\SrcFiles\MapCode.h">
      <Filter>Header Files</Filter>
    </ClInclude>
    <ClInclude Include="..\SrcFiles\CodeGen.h">
      <Filter>Header Files</Filter>
    </ClInclude>
    <ClInclude Include="..\SrcFiles\CodeGenDoc.h">
      <Filter>Header Files</Filter>
    </ClInclude>
    <ClInclude Include="..\SrcFiles\CodeGenView.h">
      <Filter>Header Files</Filter>
    </ClInclude>
    <ClInclude Include="..\SrcFiles\Utilities.h">
      <Filter>Header Files</Filter>
    </ClInclude>
    <ClInclude Include="..\SrcFiles\MapData.h">
      <Filter>Header Files</Filter>
    </ClInclude>
    <ClInclude Include="..\SrcFiles\MapDataDlg.h">
      <Filter>Header Files</Filter>
    </ClInclude>
    <ClInclude Include="..\SrcFiles\MapHeader.h">
      <Filter>Header Files</Filter>
    </ClInclude>
    <ClInclude Include="..\SrcFiles\DescTable.h">
      <Filter>Header Files</Filter>
    </ClInclude>
    <ClInclude Include="..\SrcFiles\MapBody.h">
      <Filter>Header Files</Filter>
    </ClInclude>
    <ClInclude Include="..\SrcFiles\TestMap.h">
      <Filter>Header Files</Filter>
    </ClInclude>
    <ClInclude Include="..\SrcFiles\Maps.h">
      <Filter>Header Files</Filter>
    </ClInclude>
    <ClInclude Include="..\SrcFiles\Schedule.h">
      <Filter>Header Files</Filter>
    </ClInclude>
    <ClInclude Include="..\..\Library\AboutFiles\About.h">
      <Filter>Header Files</Filter>
    </ClInclude>
    <ClInclude Include="..\..\Library\TableDescriptors\TableDscrs.h">
      <Filter>Header Files</Filter>
    </ClInclude>
  </ItemGroup>
  <ItemGroup>
    <None Include="C:\Users\rrvt\AppData\Roaming\CodeGen\CodeGen.ini" />
    <None Include="..\Debug\CodeGen\acedao.tlh" />
    <None Include="..\Debug\CodeGen\acedao.tli" />
    <None Include="..\SrcFiles\res\Toolbar24.bmp">
      <Filter>Resource Files</Filter>
    </None>
    <None Include="..\SrcFiles\res\CodeGen.rc2">
      <Filter>Resource Files</Filter>
    </None>
    <None Include="..\..\Library\AboutFiles\About.rc2">
      <Filter>Resource Files</Filter>
    </None>
    <None Include="..\README.md" />
  </ItemGroup>
  <ItemGroup>
    <Image Include="..\SrcFiles\res\CodeGen.ico">
      <Filter>Resource Files</Filter>
    </Image>
    <Image Include="..\SrcFiles\res\Toolbar30.bmp">
      <Filter>Resource Files</Filter>
    </Image>
  </ItemGroup>
  <ItemGroup>
    <ResourceCompile Include="..\SrcFiles\CodeGen.rc">
      <Filter>Resource Files</Filter>
    </ResourceCompile>
  </ItemGroup>
</Project>